
Microsoft Visual Studio Solution File, Format Version 12.00
# Visual Studio Version 16
VisualStudioVersion = 16.0.28803.202
MinimumVisualStudioVersion = 10.0.40219.1
Project("{FAE04EC0-301F-11D3-BF4B-00C04F79EFBC}") = "HeroesVsMonsters", "HeroesVsMonsters\HeroesVsMonsters.csproj", "{30A10FD2-E3DC-41CE-813E-1AEE97E60D95}"
EndProject
Global
	GlobalSection(SolutionConfigurationPlatforms) = preSolution
		Debug|Any CPU = Debug|Any CPU
		Release|Any CPU = Release|Any CPU
	EndGlobalSection
	GlobalSection(ProjectConfigurationPlatforms) = postSolution
		{30A10FD2-E3DC-41CE-813E-1AEE97E60D95}.Debug|Any CPU.ActiveCfg = Debug|Any CPU
		{30A10FD2-E3DC-41CE-813E-1AEE97E60D95}.Debug|Any CPU.Build.0 = Debug|Any CPU
		{30A10FD2-E3DC-41CE-813E-1AEE97E60D95}.Release|Any CPU.ActiveCfg = Release|Any CPU
		{30A10FD2-E3DC-41CE-813E-1AEE97E60D95}.Release|Any CPU.Build.0 = Release|Any CPU
	EndGlobalSection
	GlobalSection(SolutionProperties) = preSolution
		HideSolutionNode = FALSE
	EndGlobalSection
	GlobalSection(ExtensibilityGlobals) = postSolution
		SolutionGuid = {6A686317-6C7E-494D-A1E8-F5B3C66AC6FB}
	EndGlobalSection
EndGlobal
